PODS:
  - MaryBanCategoryKit (0.1.0)

DEPENDENCIES:
  - MaryBanCategoryKit (from `../`)

EXTERNAL SOURCES:
  MaryBanCategoryKit:
    :path: "../"

SPEC CHECKSUMS:
  MaryBanCategoryKit: a5470c24a6e6521c72fe00643bbbcf05bd9fb8d4

PODFILE CHECKSUM: e87102d29c1a975c949f84d78841ac6d95299f6b

COCOAPODS: 1.6.1
