PODS:
  - MaryBanCategoryKit (0.1.0)

DEPENDENCIES:
  - MaryBanCategoryKit (from `../`)

EXTERNAL SOURCES:
  MaryBanCategoryKit:
    :path: "../"

SPEC CHECKSUMS:
  MaryBanCategoryKit: 3096a45ad83672cdbe32f294b806d1bfa82e7065

PODFILE CHECKSUM: e87102d29c1a975c949f84d78841ac6d95299f6b

COCOAPODS: 1.6.1
